
Microsoft Visual Studio Solution File, Format Version 12.00
# Visual Studio 15
VisualStudioVersion = 15.0.26730.10
MinimumVisualStudioVersion = 10.0.40219.1
Project("{D954291E-2A0B-460D-934E-DC6B0785DB48}") = "ShelterMap", "ShelterMap\ShelterMap\ShelterMap.shproj", "{717FA7E3-5FE7-422C-91A9-23CE3059F922}"
EndProject
Project("{FAE04EC0-301F-11D3-BF4B-00C04F79EFBC}") = "ShelterMap.Android", "ShelterMap\ShelterMap.Android\ShelterMap.Android.csproj", "{DABB8628-A802-45E7-B5A6-69AFD59D2935}"
EndProject
Project("{FAE04EC0-301F-11D3-BF4B-00C04F79EFBC}") = "ShelterMap.iOS", "ShelterMap\ShelterMap.iOS\ShelterMap.iOS.csproj", "{D450139C-94C0-403D-8B16-3F2599403E7E}"
EndProject
Global
	GlobalSection(SharedMSBuildProjectFiles) = preSolution
		ShelterMap\ShelterMap\ShelterMap.projitems*{717fa7e3-5fe7-422c-91a9-23ce3059f922}*SharedItemsImports = 13
		ShelterMap\ShelterMap\ShelterMap.projitems*{d450139c-94c0-403d-8b16-3f2599403e7e}*SharedItemsImports = 4
		ShelterMap\ShelterMap\ShelterMap.projitems*{dabb8628-a802-45e7-b5a6-69afd59d2935}*SharedItemsImports = 4
	EndGlobalSection
	GlobalSection(SolutionConfigurationPlatforms) = preSolution
		Ad-Hoc|Any CPU = Ad-Hoc|Any CPU
		Ad-Hoc|iPhone = Ad-Hoc|iPhone
		Ad-Hoc|iPhoneSimulator = Ad-Hoc|iPhoneSimulator
		AppStore|Any CPU = AppStore|Any CPU
		AppStore|iPhone = AppStore|iPhone
		AppStore|iPhoneSimulator = AppStore|iPhoneSimulator
		Debug|Any CPU = Debug|Any CPU
		Debug|iPhone = Debug|iPhone
		Debug|iPhoneSimulator = Debug|iPhoneSimulator
		Release|Any CPU = Release|Any CPU
		Release|iPhone = Release|iPhone
		Release|iPhoneSimulator = Release|iPhoneSimulator
	EndGlobalSection
	GlobalSection(ProjectConfigurationPlatforms) = postSolution
		{DABB8628-A802-45E7-B5A6-69AFD59D2935}.Ad-Hoc|Any CPU.ActiveCfg = Release|Any CPU
		{DABB8628-A802-45E7-B5A6-69AFD59D2935}.Ad-Hoc|Any CPU.Build.0 = Release|Any CPU
		{DABB8628-A802-45E7-B5A6-69AFD59D2935}.Ad-Hoc|Any CPU.Deploy.0 = Release|Any CPU
		{DABB8628-A802-45E7-B5A6-69AFD59D2935}.Ad-Hoc|iPhone.ActiveCfg = Release|Any CPU
		{DABB8628-A802-45E7-B5A6-69AFD59D2935}.Ad-Hoc|iPhone.Build.0 = Release|Any CPU
		{DABB8628-A802-45E7-B5A6-69AFD59D2935}.Ad-Hoc|iPhone.Deploy.0 = Release|Any CPU
		{DABB8628-A802-45E7-B5A6-69AFD59D2935}.Ad-Hoc|iPhoneSimulator.ActiveCfg = Release|Any CPU
		{DABB8628-A802-45E7-B5A6-69AFD59D2935}.Ad-Hoc|iPhoneSimulator.Build.0 = Release|Any CPU
		{DABB8628-A802-45E7-B5A6-69AFD59D2935}.Ad-Hoc|iPhoneSimulator.Deploy.0 = Release|Any CPU
		{DABB8628-A802-45E7-B5A6-69AFD59D2935}.AppStore|Any CPU.ActiveCfg = Release|Any CPU
		{DABB8628-A802-45E7-B5A6-69AFD59D2935}.AppStore|Any CPU.Build.0 = Release|Any CPU
		{DABB8628-A802-45E7-B5A6-69AFD59D2935}.AppStore|Any CPU.Deploy.0 = Release|Any CPU
		{DABB8628-A802-45E7-B5A6-69AFD59D2935}.AppStore|iPhone.ActiveCfg = Release|Any CPU
		{DABB8628-A802-45E7-B5A6-69AFD59D2935}.AppStore|iPhone.Build.0 = Release|Any CPU
		{DABB8628-A802-45E7-B5A6-69AFD59D2935}.AppStore|iPhone.Deploy.0 = Release|Any CPU
		{DABB8628-A802-45E7-B5A6-69AFD59D2935}.AppStore|iPhoneSimulator.ActiveCfg = Release|Any CPU
		{DABB8628-A802-45E7-B5A6-69AFD59D2935}.AppStore|iPhoneSimulator.Build.0 = Release|Any CPU
		{DABB8628-A802-45E7-B5A6-69AFD59D2935}.AppStore|iPhoneSimulator.Deploy.0 = Release|Any CPU
		{DABB8628-A802-45E7-B5A6-69AFD59D2935}.Debug|Any CPU.ActiveCfg = Debug|Any CPU
		{DABB8628-A802-45E7-B5A6-69AFD59D2935}.Debug|Any CPU.Build.0 = Debug|Any CPU
		{DABB8628-A802-45E7-B5A6-69AFD59D2935}.Debug|Any CPU.Deploy.0 = Debug|Any CPU
		{DABB8628-A802-45E7-B5A6-69AFD59D2935}.Debug|iPhone.ActiveCfg = Debug|Any CPU
		{DABB8628-A802-45E7-B5A6-69AFD59D2935}.Debug|iPhone.Build.0 = Debug|Any CPU
		{DABB8628-A802-45E7-B5A6-69AFD59D2935}.Debug|iPhone.Deploy.0 = Debug|Any CPU
		{DABB8628-A802-45E7-B5A6-69AFD59D2935}.Debug|iPhoneSimulator.ActiveCfg = Debug|Any CPU
		{DABB8628-A802-45E7-B5A6-69AFD59D2935}.Debug|iPhoneSimulator.Build.0 = Debug|Any CPU
		{DABB8628-A802-45E7-B5A6-69AFD59D2935}.Debug|iPhoneSimulator.Deploy.0 = Debug|Any CPU
		{DABB8628-A802-45E7-B5A6-69AFD59D2935}.Release|Any CPU.ActiveCfg = Release|Any CPU
		{DABB8628-A802-45E7-B5A6-69AFD59D2935}.Release|Any CPU.Build.0 = Release|Any CPU
		{DABB8628-A802-45E7-B5A6-69AFD59D2935}.Release|Any CPU.Deploy.0 = Release|Any CPU
		{DABB8628-A802-45E7-B5A6-69AFD59D2935}.Release|iPhone.ActiveCfg = Release|Any CPU
		{DABB8628-A802-45E7-B5A6-69AFD59D2935}.Release|iPhone.Build.0 = Release|Any CPU
		{DABB8628-A802-45E7-B5A6-69AFD59D2935}.Release|iPhone.Deploy.0 = Release|Any CPU
		{DABB8628-A802-45E7-B5A6-69AFD59D2935}.Release|iPhoneSimulator.ActiveCfg = Release|Any CPU
		{DABB8628-A802-45E7-B5A6-69AFD59D2935}.Release|iPhoneSimulator.Build.0 = Release|Any CPU
		{DABB8628-A802-45E7-B5A6-69AFD59D2935}.Release|iPhoneSimulator.Deploy.0 = Release|Any CPU
		{D450139C-94C0-403D-8B16-3F2599403E7E}.Ad-Hoc|Any CPU.ActiveCfg = Ad-Hoc|iPhone
		{D450139C-94C0-403D-8B16-3F2599403E7E}.Ad-Hoc|iPhone.ActiveCfg = Ad-Hoc|iPhone
		{D450139C-94C0-403D-8B16-3F2599403E7E}.Ad-Hoc|iPhone.Build.0 = Ad-Hoc|iPhone
		{D450139C-94C0-403D-8B16-3F2599403E7E}.Ad-Hoc|iPhoneSimulator.ActiveCfg = Ad-Hoc|iPhoneSimulator
		{D450139C-94C0-403D-8B16-3F2599403E7E}.Ad-Hoc|iPhoneSimulator.Build.0 = Ad-Hoc|iPhoneSimulator
		{D450139C-94C0-403D-8B16-3F2599403E7E}.AppStore|Any CPU.ActiveCfg = AppStore|iPhone
		{D450139C-94C0-403D-8B16-3F2599403E7E}.AppStore|iPhone.ActiveCfg = AppStore|iPhone
		{D450139C-94C0-403D-8B16-3F2599403E7E}.AppStore|iPhone.Build.0 = AppStore|iPhone
		{D450139C-94C0-403D-8B16-3F2599403E7E}.AppStore|iPhoneSimulator.ActiveCfg = AppStore|iPhoneSimulator
		{D450139C-94C0-403D-8B16-3F2599403E7E}.AppStore|iPhoneSimulator.Build.0 = AppStore|iPhoneSimulator
		{D450139C-94C0-403D-8B16-3F2599403E7E}.Debug|Any CPU.ActiveCfg = Debug|iPhone
		{D450139C-94C0-403D-8B16-3F2599403E7E}.Debug|iPhone.ActiveCfg = Debug|iPhone
		{D450139C-94C0-403D-8B16-3F2599403E7E}.Debug|iPhone.Build.0 = Debug|iPhone
		{D450139C-94C0-403D-8B16-3F2599403E7E}.Debug|iPhoneSimulator.ActiveCfg = Debug|iPhoneSimulator
		{D450139C-94C0-403D-8B16-3F2599403E7E}.Debug|iPhoneSimulator.Build.0 = Debug|iPhoneSimulator
		{D450139C-94C0-403D-8B16-3F2599403E7E}.Release|Any CPU.ActiveCfg = Release|iPhone
		{D450139C-94C0-403D-8B16-3F2599403E7E}.Release|iPhone.ActiveCfg = Release|iPhone
		{D450139C-94C0-403D-8B16-3F2599403E7E}.Release|iPhone.Build.0 = Release|iPhone
		{D450139C-94C0-403D-8B16-3F2599403E7E}.Release|iPhoneSimulator.ActiveCfg = Release|iPhoneSimulator
		{D450139C-94C0-403D-8B16-3F2599403E7E}.Release|iPhoneSimulator.Build.0 = Release|iPhoneSimulator
	EndGlobalSection
	GlobalSection(SolutionProperties) = preSolution
		HideSolutionNode = FALSE
	EndGlobalSection
	GlobalSection(ExtensibilityGlobals) = postSolution
		SolutionGuid = {F5A7D31A-EFB2-4AE3-B73F-17EAA61B0E55}
	EndGlobalSection
EndGlobal
